
Microsoft Visual Studio Solution File, Format Version 12.00
# Visual Studio Version 16
VisualStudioVersion = 16.0.30204.135
MinimumVisualStudioVersion = 10.0.40219.1
Project("{FAE04EC0-301F-11D3-BF4B-00C04F79EFBC}") = "EventManager", "EventManager.csproj", "{F7D4C09E-150E-4AEA-A632-4E1E2B8684C6}"
EndProject
Global
	GlobalSection(SolutionConfigurationPlatforms) = preSolution
		Debug|Any CPU = Debug|Any CPU
		Release|Any CPU = Release|Any CPU
	EndGlobalSection
	GlobalSection(ProjectConfigurationPlatforms) = postSolution
		{F7D4C09E-150E-4AEA-A632-4E1E2B8684C6}.Debug|Any CPU.ActiveCfg = Debug|Any CPU
		{F7D4C09E-150E-4AEA-A632-4E1E2B8684C6}.Debug|Any CPU.Build.0 = Debug|Any CPU
		{F7D4C09E-150E-4AEA-A632-4E1E2B8684C6}.Release|Any CPU.ActiveCfg = Release|Any CPU
		{F7D4C09E-150E-4AEA-A632-4E1E2B8684C6}.Release|Any CPU.Build.0 = Release|Any CPU
	EndGlobalSection
	GlobalSection(SolutionProperties) = preSolution
		HideSolutionNode = FALSE
	EndGlobalSection
	GlobalSection(ExtensibilityGlobals) = postSolution
		SolutionGuid = {1679F659-0462-487E-B5EB-B50354953D8D}
	EndGlobalSection
EndGlobal
